
Microsoft Visual Studio Solution File, Format Version 12.00
# Visual Studio 2013
VisualStudioVersion = 12.0.30723.0
MinimumVisualStudioVersion = 10.0.40219.1
Project("{FAE04EC0-301F-11D3-BF4B-00C04F79EFBC}") = "ÇekilişProgramıv7.00", "ÇekilişProgramıv5.5\ÇekilişProgramıv7.00.csproj", "{DCCE09EF-20C8-4431-AF5F-FBB6AA0D8D8B}"
EndProject
Global
	GlobalSection(SolutionConfigurationPlatforms) = preSolution
		Debug|x86 = Debug|x86
		Release|x86 = Release|x86
	EndGlobalSection
	GlobalSection(ProjectConfigurationPlatforms) = postSolution
		{DCCE09EF-20C8-4431-AF5F-FBB6AA0D8D8B}.Debug|x86.ActiveCfg = Debug|x86
		{DCCE09EF-20C8-4431-AF5F-FBB6AA0D8D8B}.Debug|x86.Build.0 = Debug|x86
		{DCCE09EF-20C8-4431-AF5F-FBB6AA0D8D8B}.Release|x86.ActiveCfg = Release|x86
		{DCCE09EF-20C8-4431-AF5F-FBB6AA0D8D8B}.Release|x86.Build.0 = Release|x86
	EndGlobalSection
	GlobalSection(SolutionProperties) = preSolution
		HideSolutionNode = FALSE
	EndGlobalSection
EndGlobal
